
Microsoft Visual Studio Solution File, Format Version 12.00
# Visual Studio Version 16
VisualStudioVersion = 16.0.29721.120
MinimumVisualStudioVersion = 10.0.40219.1
Project("{FAE04EC0-301F-11D3-BF4B-00C04F79EFBC}") = "StripeIntegration.Server", "StripeIntegration\Server\StripeIntegration.Server.csproj", "{BAB5A9FE-7692-4528-A755-D6413C88E9BD}"
EndProject
Project("{FAE04EC0-301F-11D3-BF4B-00C04F79EFBC}") = "StripeIntegration.Client", "StripeIntegration\Client\StripeIntegration.Client.csproj", "{FD6EAB2A-DB05-4DEA-8335-3B3409296C37}"
EndProject
Project("{FAE04EC0-301F-11D3-BF4B-00C04F79EFBC}") = "StripeIntegration.Shared", "StripeIntegration\Shared\StripeIntegration.Shared.csproj", "{46EBF4D6-348D-49B9-AB45-7455AAD903E2}"
EndProject
Global
	GlobalSection(SolutionConfigurationPlatforms) = preSolution
		Debug|Any CPU = Debug|Any CPU
		Release|Any CPU = Release|Any CPU
	EndGlobalSection
	GlobalSection(ProjectConfigurationPlatforms) = postSolution
		{BAB5A9FE-7692-4528-A755-D6413C88E9BD}.Debug|Any CPU.ActiveCfg = Debug|Any CPU
		{BAB5A9FE-7692-4528-A755-D6413C88E9BD}.Debug|Any CPU.Build.0 = Debug|Any CPU
		{BAB5A9FE-7692-4528-A755-D6413C88E9BD}.Release|Any CPU.ActiveCfg = Release|Any CPU
		{BAB5A9FE-7692-4528-A755-D6413C88E9BD}.Release|Any CPU.Build.0 = Release|Any CPU
		{FD6EAB2A-DB05-4DEA-8335-3B3409296C37}.Debug|Any CPU.ActiveCfg = Debug|Any CPU
		{FD6EAB2A-DB05-4DEA-8335-3B3409296C37}.Debug|Any CPU.Build.0 = Debug|Any CPU
		{FD6EAB2A-DB05-4DEA-8335-3B3409296C37}.Release|Any CPU.ActiveCfg = Release|Any CPU
		{FD6EAB2A-DB05-4DEA-8335-3B3409296C37}.Release|Any CPU.Build.0 = Release|Any CPU
		{46EBF4D6-348D-49B9-AB45-7455AAD903E2}.Debug|Any CPU.ActiveCfg = Debug|Any CPU
		{46EBF4D6-348D-49B9-AB45-7455AAD903E2}.Debug|Any CPU.Build.0 = Debug|Any CPU
		{46EBF4D6-348D-49B9-AB45-7455AAD903E2}.Release|Any CPU.ActiveCfg = Release|Any CPU
		{46EBF4D6-348D-49B9-AB45-7455AAD903E2}.Release|Any CPU.Build.0 = Release|Any CPU
	EndGlobalSection
	GlobalSection(SolutionProperties) = preSolution
		HideSolutionNode = FALSE
	EndGlobalSection
	GlobalSection(ExtensibilityGlobals) = postSolution
		SolutionGuid = {176B92A9-92AA-42D6-B7D5-DA859A1F9FA9}
	EndGlobalSection
EndGlobal
